# This file is generated by running "yarn install" inside your project.
# Manual changes might be lost - proceed with caution!

__metadata:
  version: 8
  cacheKey: 10c0

"convert-hex@npm:~0.1.0":
  version: 0.1.0
  resolution: "convert-hex@npm:0.1.0"
  checksum: 80b5c3f4db67b9fcad6c7539997117c5ee41f8142bc82bddda5da0d699dbed33ab8c1e86a075867468766702330cac4c559930ae371c953e4ae46118f3578d06
  languageName: node
  linkType: hard

"convert-string@npm:~0.1.0":
  version: 0.1.0
  resolution: "convert-string@npm:0.1.0"
  checksum: eb737865fbb216cb823e465d819452c2c5a60cc0ad9da9bd9d699ba8178c4ff6186501f75af43c420bbe25e5ccac7f27ff1011640ab77e0227f6b992bfb043bd
  languageName: node
  linkType: hard

"js-unique-functions@workspace:.":
  version: 0.0.0-use.local
  resolution: "js-unique-functions@workspace:."
  dependencies:
    sha256: "npm:^0.2.0"
    typescript: "npm:^5.3.3"
    uglify-js: "npm:^3.17.4"
  languageName: unknown
  linkType: soft

"sha256@npm:^0.2.0":
  version: 0.2.0
  resolution: "sha256@npm:0.2.0"
  dependencies:
    convert-hex: "npm:~0.1.0"
    convert-string: "npm:~0.1.0"
  checksum: 4ba9822cb88138b8416c1a428779e7aebeae3e317cb428d99cb254e6f841869fb8f868cf2ba965e1a7070ce5bbeccb625947caa983a0df7355cad8f014e35060
  languageName: node
  linkType: hard

"typescript@npm:^5.3.3":
  version: 5.3.3
  resolution: "typescript@npm:5.3.3"
  bin:
    tsc: bin/tsc
    tsserver: bin/tsserver
  checksum: e33cef99d82573624fc0f854a2980322714986bc35b9cb4d1ce736ed182aeab78e2cb32b385efa493b2a976ef52c53e20d6c6918312353a91850e2b76f1ea44f
  languageName: node
  linkType: hard

"typescript@patch:typescript@npm%3A^5.3.3#optional!builtin<compat/typescript>":
  version: 5.3.3
  resolution: "typescript@patch:typescript@npm%3A5.3.3#optional!builtin<compat/typescript>::version=5.3.3&hash=29ae49"
  bin:
    tsc: bin/tsc
    tsserver: bin/tsserver
  checksum: e22df47df9b2b2f2617b8bf511a29aea3d177f9f7a0756818230a76b01cbd7da988bf55f9463aaa1a4c1ff90b80f8dc5676460d4e9dfc010572cbba59b822b0c
  languageName: node
  linkType: hard

"uglify-js@npm:^3.17.4":
  version: 3.17.4
  resolution: "uglify-js@npm:3.17.4"
  bin:
    uglifyjs: bin/uglifyjs
  checksum: 8b7fcdca69deb284fed7d2025b73eb747ce37f9aca6af53422844f46427152d5440601b6e2a033e77856a2f0591e4167153d5a21b68674ad11f662034ec13ced
  languageName: node
  linkType: hard
