# This file is generated by running "yarn install" inside your project.
# Manual changes might be lost - proceed with caution!

__metadata:
  version: 8
  cacheKey: 10c0

"acorn-walk@npm:^8.3.1":
  version: 8.3.1
  resolution: "acorn-walk@npm:8.3.1"
  checksum: a23d2f7c6b6cad617f4c77f14dfeb062a239208d61753e9ba808d916c550add92b39535467d2e6028280761ac4f5a904cc9df21530b84d3f834e3edef74ddde5
  languageName: node
  linkType: hard

"acorn@npm:^8.11.2":
  version: 8.11.2
  resolution: "acorn@npm:8.11.2"
  bin:
    acorn: bin/acorn
  checksum: a3ed76c761b75ec54b1ec3068fb7f113a182e95aea7f322f65098c2958d232e3d211cb6dac35ff9c647024b63714bc528a26d54a925d1fef2c25585b4c8e4017
  languageName: node
  linkType: hard

"assert@npm:^2.0.0":
  version: 2.1.0
  resolution: "assert@npm:2.1.0"
  dependencies:
    call-bind: "npm:^1.0.2"
    is-nan: "npm:^1.3.2"
    object-is: "npm:^1.1.5"
    object.assign: "npm:^4.1.4"
    util: "npm:^0.12.5"
  checksum: 7271a5da883c256a1fa690677bf1dd9d6aa882139f2bed1cd15da4f9e7459683e1da8e32a203d6cc6767e5e0f730c77a9532a87b896b4b0af0dd535f668775f0
  languageName: node
  linkType: hard

"ast-types@npm:^0.16.1":
  version: 0.16.1
  resolution: "ast-types@npm:0.16.1"
  dependencies:
    tslib: "npm:^2.0.1"
  checksum: abcc49e42eb921a7ebc013d5bec1154651fb6dbc3f497541d488859e681256901b2990b954d530ba0da4d0851271d484f7057d5eff5e07cb73e8b10909f711bf
  languageName: node
  linkType: hard

"available-typed-arrays@npm:^1.0.5":
  version: 1.0.5
  resolution: "available-typed-arrays@npm:1.0.5"
  checksum: c4df567ca72d2754a6cbad20088f5f98b1065b3360178169fa9b44ea101af62c0f423fc3854fa820fd6895b6b9171b8386e71558203103ff8fc2ad503fdcc660
  languageName: node
  linkType: hard

"call-bind@npm:^1.0.0, call-bind@npm:^1.0.2, call-bind@npm:^1.0.4, call-bind@npm:^1.0.5":
  version: 1.0.5
  resolution: "call-bind@npm:1.0.5"
  dependencies:
    function-bind: "npm:^1.1.2"
    get-intrinsic: "npm:^1.2.1"
    set-function-length: "npm:^1.1.1"
  checksum: a6172c168fd6dacf744fcde745099218056bd755c50415b592655dcd6562157ed29f130f56c3f6db2250f67e4bd62e5c218cdc56d7bfd76e0bda50770fce2d10
  languageName: node
  linkType: hard

"convert-hex@npm:~0.1.0":
  version: 0.1.0
  resolution: "convert-hex@npm:0.1.0"
  checksum: 80b5c3f4db67b9fcad6c7539997117c5ee41f8142bc82bddda5da0d699dbed33ab8c1e86a075867468766702330cac4c559930ae371c953e4ae46118f3578d06
  languageName: node
  linkType: hard

"convert-string@npm:~0.1.0":
  version: 0.1.0
  resolution: "convert-string@npm:0.1.0"
  checksum: eb737865fbb216cb823e465d819452c2c5a60cc0ad9da9bd9d699ba8178c4ff6186501f75af43c420bbe25e5ccac7f27ff1011640ab77e0227f6b992bfb043bd
  languageName: node
  linkType: hard

"define-data-property@npm:^1.0.1, define-data-property@npm:^1.1.1":
  version: 1.1.1
  resolution: "define-data-property@npm:1.1.1"
  dependencies:
    get-intrinsic: "npm:^1.2.1"
    gopd: "npm:^1.0.1"
    has-property-descriptors: "npm:^1.0.0"
  checksum: 77ef6e0bceb515e05b5913ab635a84d537cee84f8a7c37c77fdcb31fc5b80f6dbe81b33375e4b67d96aa04e6a0d8d4ea099e431d83f089af8d93adfb584bcb94
  languageName: node
  linkType: hard

"define-properties@npm:^1.1.3, define-properties@npm:^1.2.1":
  version: 1.2.1
  resolution: "define-properties@npm:1.2.1"
  dependencies:
    define-data-property: "npm:^1.0.1"
    has-property-descriptors: "npm:^1.0.0"
    object-keys: "npm:^1.1.1"
  checksum: 88a152319ffe1396ccc6ded510a3896e77efac7a1bfbaa174a7b00414a1747377e0bb525d303794a47cf30e805c2ec84e575758512c6e44a993076d29fd4e6c3
  languageName: node
  linkType: hard

"esprima@npm:~4.0.0":
  version: 4.0.1
  resolution: "esprima@npm:4.0.1"
  bin:
    esparse: ./bin/esparse.js
    esvalidate: ./bin/esvalidate.js
  checksum: ad4bab9ead0808cf56501750fd9d3fb276f6b105f987707d059005d57e182d18a7c9ec7f3a01794ebddcca676773e42ca48a32d67a250c9d35e009ca613caba3
  languageName: node
  linkType: hard

"for-each@npm:^0.3.3":
  version: 0.3.3
  resolution: "for-each@npm:0.3.3"
  dependencies:
    is-callable: "npm:^1.1.3"
  checksum: 22330d8a2db728dbf003ec9182c2d421fbcd2969b02b4f97ec288721cda63eb28f2c08585ddccd0f77cb2930af8d958005c9e72f47141dc51816127a118f39aa
  languageName: node
  linkType: hard

"function-bind@npm:^1.1.2":
  version: 1.1.2
  resolution: "function-bind@npm:1.1.2"
  checksum: d8680ee1e5fcd4c197e4ac33b2b4dce03c71f4d91717292785703db200f5c21f977c568d28061226f9b5900cbcd2c84463646134fd5337e7925e0942bc3f46d5
  languageName: node
  linkType: hard

"get-intrinsic@npm:^1.1.3, get-intrinsic@npm:^1.2.1, get-intrinsic@npm:^1.2.2":
  version: 1.2.2
  resolution: "get-intrinsic@npm:1.2.2"
  dependencies:
    function-bind: "npm:^1.1.2"
    has-proto: "npm:^1.0.1"
    has-symbols: "npm:^1.0.3"
    hasown: "npm:^2.0.0"
  checksum: 4e7fb8adc6172bae7c4fe579569b4d5238b3667c07931cd46b4eee74bbe6ff6b91329bec311a638d8e60f5b51f44fe5445693c6be89ae88d4b5c49f7ff12db0b
  languageName: node
  linkType: hard

"gopd@npm:^1.0.1":
  version: 1.0.1
  resolution: "gopd@npm:1.0.1"
  dependencies:
    get-intrinsic: "npm:^1.1.3"
  checksum: 505c05487f7944c552cee72087bf1567debb470d4355b1335f2c262d218ebbff805cd3715448fe29b4b380bae6912561d0467233e4165830efd28da241418c63
  languageName: node
  linkType: hard

"has-property-descriptors@npm:^1.0.0":
  version: 1.0.1
  resolution: "has-property-descriptors@npm:1.0.1"
  dependencies:
    get-intrinsic: "npm:^1.2.2"
  checksum: d62ba94b40150b00d621bc64a6aedb5bf0ee495308b4b7ed6bac856043db3cdfb1db553ae81cec91c9d2bd82057ff0e94145e7fa25d5aa5985ed32e0921927f6
  languageName: node
  linkType: hard

"has-proto@npm:^1.0.1":
  version: 1.0.1
  resolution: "has-proto@npm:1.0.1"
  checksum: c8a8fe411f810b23a564bd5546a8f3f0fff6f1b692740eb7a2fdc9df716ef870040806891e2f23ff4653f1083e3895bf12088703dd1a0eac3d9202d3a4768cd0
  languageName: node
  linkType: hard

"has-symbols@npm:^1.0.2, has-symbols@npm:^1.0.3":
  version: 1.0.3
  resolution: "has-symbols@npm:1.0.3"
  checksum: e6922b4345a3f37069cdfe8600febbca791c94988c01af3394d86ca3360b4b93928bbf395859158f88099cb10b19d98e3bbab7c9ff2c1bd09cf665ee90afa2c3
  languageName: node
  linkType: hard

"has-tostringtag@npm:^1.0.0":
  version: 1.0.0
  resolution: "has-tostringtag@npm:1.0.0"
  dependencies:
    has-symbols: "npm:^1.0.2"
  checksum: 1cdba76b7d13f65198a92b8ca1560ba40edfa09e85d182bf436d928f3588a9ebd260451d569f0ed1b849c4bf54f49c862aa0d0a77f9552b1855bb6deb526c011
  languageName: node
  linkType: hard

"hasown@npm:^2.0.0":
  version: 2.0.0
  resolution: "hasown@npm:2.0.0"
  dependencies:
    function-bind: "npm:^1.1.2"
  checksum: 5d415b114f410661208c95e7ab4879f1cc2765b8daceff4dc8718317d1cb7b9ffa7c5d1eafd9a4389c9aab7445d6ea88e05f3096cb1e529618b55304956b87fc
  languageName: node
  linkType: hard

"inherits@npm:^2.0.3":
  version: 2.0.4
  resolution: "inherits@npm:2.0.4"
  checksum: 4e531f648b29039fb7426fb94075e6545faa1eb9fe83c29f0b6d9e7263aceb4289d2d4557db0d428188eeb449cc7c5e77b0a0b2c4e248ff2a65933a0dee49ef2
  languageName: node
  linkType: hard

"is-arguments@npm:^1.0.4":
  version: 1.1.1
  resolution: "is-arguments@npm:1.1.1"
  dependencies:
    call-bind: "npm:^1.0.2"
    has-tostringtag: "npm:^1.0.0"
  checksum: 5ff1f341ee4475350adfc14b2328b38962564b7c2076be2f5bac7bd9b61779efba99b9f844a7b82ba7654adccf8e8eb19d1bb0cc6d1c1a085e498f6793d4328f
  languageName: node
  linkType: hard

"is-callable@npm:^1.1.3":
  version: 1.2.7
  resolution: "is-callable@npm:1.2.7"
  checksum: ceebaeb9d92e8adee604076971dd6000d38d6afc40bb843ea8e45c5579b57671c3f3b50d7f04869618242c6cee08d1b67806a8cb8edaaaf7c0748b3720d6066f
  languageName: node
  linkType: hard

"is-generator-function@npm:^1.0.7":
  version: 1.0.10
  resolution: "is-generator-function@npm:1.0.10"
  dependencies:
    has-tostringtag: "npm:^1.0.0"
  checksum: df03514df01a6098945b5a0cfa1abff715807c8e72f57c49a0686ad54b3b74d394e2d8714e6f709a71eb00c9630d48e73ca1796c1ccc84ac95092c1fecc0d98b
  languageName: node
  linkType: hard

"is-nan@npm:^1.3.2":
  version: 1.3.2
  resolution: "is-nan@npm:1.3.2"
  dependencies:
    call-bind: "npm:^1.0.0"
    define-properties: "npm:^1.1.3"
  checksum: 8bfb286f85763f9c2e28ea32e9127702fe980ffd15fa5d63ade3be7786559e6e21355d3625dd364c769c033c5aedf0a2ed3d4025d336abf1b9241e3d9eddc5b0
  languageName: node
  linkType: hard

"is-typed-array@npm:^1.1.3":
  version: 1.1.12
  resolution: "is-typed-array@npm:1.1.12"
  dependencies:
    which-typed-array: "npm:^1.1.11"
  checksum: 9863e9cc7223c6fc1c462a2c3898a7beff6b41b1ee0fabb03b7d278ae7de670b5bcbc8627db56bb66ed60902fa37d53fe5cce0fd2f7d73ac64fe5da6f409b6ae
  languageName: node
  linkType: hard

"js-unique-functions@workspace:.":
  version: 0.0.0-use.local
  resolution: "js-unique-functions@workspace:."
  dependencies:
    acorn: "npm:^8.11.2"
    acorn-walk: "npm:^8.3.1"
    recast: "npm:^0.23.4"
    sha256: "npm:^0.2.0"
    typescript: "npm:^5.3.3"
    uglify-js: "npm:^3.17.4"
  languageName: unknown
  linkType: soft

"object-is@npm:^1.1.5":
  version: 1.1.5
  resolution: "object-is@npm:1.1.5"
  dependencies:
    call-bind: "npm:^1.0.2"
    define-properties: "npm:^1.1.3"
  checksum: 8c263fb03fc28f1ffb54b44b9147235c5e233dc1ca23768e7d2569740b5d860154d7cc29a30220fe28ed6d8008e2422aefdebfe987c103e1c5d190cf02d9d886
  languageName: node
  linkType: hard

"object-keys@npm:^1.1.1":
  version: 1.1.1
  resolution: "object-keys@npm:1.1.1"
  checksum: b11f7ccdbc6d406d1f186cdadb9d54738e347b2692a14439ca5ac70c225fa6db46db809711b78589866d47b25fc3e8dee0b4c722ac751e11180f9380e3d8601d
  languageName: node
  linkType: hard

"object.assign@npm:^4.1.4":
  version: 4.1.5
  resolution: "object.assign@npm:4.1.5"
  dependencies:
    call-bind: "npm:^1.0.5"
    define-properties: "npm:^1.2.1"
    has-symbols: "npm:^1.0.3"
    object-keys: "npm:^1.1.1"
  checksum: 60108e1fa2706f22554a4648299b0955236c62b3685c52abf4988d14fffb0e7731e00aa8c6448397e3eb63d087dcc124a9f21e1980f36d0b2667f3c18bacd469
  languageName: node
  linkType: hard

"recast@npm:^0.23.4":
  version: 0.23.4
  resolution: "recast@npm:0.23.4"
  dependencies:
    assert: "npm:^2.0.0"
    ast-types: "npm:^0.16.1"
    esprima: "npm:~4.0.0"
    source-map: "npm:~0.6.1"
    tslib: "npm:^2.0.1"
  checksum: d719633be8029e28f23b8191d4a525c5dbdac721792ab3cb5e9dfcf1694fb93f3c147b186916195a9c7fa0711f1e4990ba457cdcee02faed3899d4a80da1bd1f
  languageName: node
  linkType: hard

"set-function-length@npm:^1.1.1":
  version: 1.1.1
  resolution: "set-function-length@npm:1.1.1"
  dependencies:
    define-data-property: "npm:^1.1.1"
    get-intrinsic: "npm:^1.2.1"
    gopd: "npm:^1.0.1"
    has-property-descriptors: "npm:^1.0.0"
  checksum: a29e255c116c29e3323b851c4f46c58c91be9bb8b065f191e2ea1807cb2c839df56e3175732a498e0c6d54626ba6b6fef896bf699feb7ab70c42dc47eb247c95
  languageName: node
  linkType: hard

"sha256@npm:^0.2.0":
  version: 0.2.0
  resolution: "sha256@npm:0.2.0"
  dependencies:
    convert-hex: "npm:~0.1.0"
    convert-string: "npm:~0.1.0"
  checksum: 4ba9822cb88138b8416c1a428779e7aebeae3e317cb428d99cb254e6f841869fb8f868cf2ba965e1a7070ce5bbeccb625947caa983a0df7355cad8f014e35060
  languageName: node
  linkType: hard

"source-map@npm:~0.6.1":
  version: 0.6.1
  resolution: "source-map@npm:0.6.1"
  checksum: ab55398007c5e5532957cb0beee2368529618ac0ab372d789806f5718123cc4367d57de3904b4e6a4170eb5a0b0f41373066d02ca0735a0c4d75c7d328d3e011
  languageName: node
  linkType: hard

"tslib@npm:^2.0.1":
  version: 2.6.2
  resolution: "tslib@npm:2.6.2"
  checksum: e03a8a4271152c8b26604ed45535954c0a45296e32445b4b87f8a5abdb2421f40b59b4ca437c4346af0f28179780d604094eb64546bee2019d903d01c6c19bdb
  languageName: node
  linkType: hard

"typescript@npm:^5.3.3":
  version: 5.3.3
  resolution: "typescript@npm:5.3.3"
  bin:
    tsc: bin/tsc
    tsserver: bin/tsserver
  checksum: e33cef99d82573624fc0f854a2980322714986bc35b9cb4d1ce736ed182aeab78e2cb32b385efa493b2a976ef52c53e20d6c6918312353a91850e2b76f1ea44f
  languageName: node
  linkType: hard

"typescript@patch:typescript@npm%3A^5.3.3#optional!builtin<compat/typescript>":
  version: 5.3.3
  resolution: "typescript@patch:typescript@npm%3A5.3.3#optional!builtin<compat/typescript>::version=5.3.3&hash=29ae49"
  bin:
    tsc: bin/tsc
    tsserver: bin/tsserver
  checksum: e22df47df9b2b2f2617b8bf511a29aea3d177f9f7a0756818230a76b01cbd7da988bf55f9463aaa1a4c1ff90b80f8dc5676460d4e9dfc010572cbba59b822b0c
  languageName: node
  linkType: hard

"uglify-js@npm:^3.17.4":
  version: 3.17.4
  resolution: "uglify-js@npm:3.17.4"
  bin:
    uglifyjs: bin/uglifyjs
  checksum: 8b7fcdca69deb284fed7d2025b73eb747ce37f9aca6af53422844f46427152d5440601b6e2a033e77856a2f0591e4167153d5a21b68674ad11f662034ec13ced
  languageName: node
  linkType: hard

"util@npm:^0.12.5":
  version: 0.12.5
  resolution: "util@npm:0.12.5"
  dependencies:
    inherits: "npm:^2.0.3"
    is-arguments: "npm:^1.0.4"
    is-generator-function: "npm:^1.0.7"
    is-typed-array: "npm:^1.1.3"
    which-typed-array: "npm:^1.1.2"
  checksum: c27054de2cea2229a66c09522d0fa1415fb12d861d08523a8846bf2e4cbf0079d4c3f725f09dcb87493549bcbf05f5798dce1688b53c6c17201a45759e7253f3
  languageName: node
  linkType: hard

"which-typed-array@npm:^1.1.11, which-typed-array@npm:^1.1.2":
  version: 1.1.13
  resolution: "which-typed-array@npm:1.1.13"
  dependencies:
    available-typed-arrays: "npm:^1.0.5"
    call-bind: "npm:^1.0.4"
    for-each: "npm:^0.3.3"
    gopd: "npm:^1.0.1"
    has-tostringtag: "npm:^1.0.0"
  checksum: 9f5f1c42918df3d5b91c4315ed0051d5d874370998bf095c9ae0df374f0881f85094e3c384b8fb08ab7b4d4f54ba81c0aff75da6226e7c0589b83dfbec1cd4c9
  languageName: node
  linkType: hard
